
Microsoft Visual Studio Solution File, Format Version 12.00
# Visual Studio Version 17
VisualStudioVersion = 17.13.35828.75
MinimumVisualStudioVersion = 10.0.40219.1
Project("{2150E333-8FDC-42A3-9474-1A3956D46DE8}") = "src", "src", "{02EA681E-C7D8-13C7-8484-4AC65E1B71E8}"
EndProject
Project("{2150E333-8FDC-42A3-9474-1A3956D46DE8}") = "Solution Items", "Solution Items", "{CCA26A38-0AB6-4EB7-A2DE-848009B91486}"
	ProjectSection(SolutionItems) = preProject
		.editorconfig = .editorconfig
		.gitignore = .gitignore
		.github\workflows\build_and_tests.yml = .github\workflows\build_and_tests.yml
		LICENSE = LICENSE
		README.md = README.md
		.github\workflows\release.yml = .github\workflows\release.yml
	EndProjectSection
EndProject
Project("{FAE04EC0-301F-11D3-BF4B-00C04F79EFBC}") = "RY.Aspire.Debugging.Extensions", "src\RY.Aspire.Debugging.Extensions\RY.Aspire.Debugging.Extensions.csproj", "{1F754604-8E43-8A52-8E71-10098B531583}"
EndProject
Global
	GlobalSection(SolutionConfigurationPlatforms) = preSolution
		Debug|Any CPU = Debug|Any CPU
		Release|Any CPU = Release|Any CPU
	EndGlobalSection
	GlobalSection(ProjectConfigurationPlatforms) = postSolution
		{1F754604-8E43-8A52-8E71-10098B531583}.Debug|Any CPU.ActiveCfg = Debug|Any CPU
		{1F754604-8E43-8A52-8E71-10098B531583}.Debug|Any CPU.Build.0 = Debug|Any CPU
		{1F754604-8E43-8A52-8E71-10098B531583}.Release|Any CPU.ActiveCfg = Release|Any CPU
		{1F754604-8E43-8A52-8E71-10098B531583}.Release|Any CPU.Build.0 = Release|Any CPU
	EndGlobalSection
	GlobalSection(SolutionProperties) = preSolution
		HideSolutionNode = FALSE
	EndGlobalSection
	GlobalSection(NestedProjects) = preSolution
		{1F754604-8E43-8A52-8E71-10098B531583} = {02EA681E-C7D8-13C7-8484-4AC65E1B71E8}
	EndGlobalSection
	GlobalSection(ExtensibilityGlobals) = postSolution
		SolutionGuid = {8EEE0A03-0041-4731-BD7A-727914A87CDA}
	EndGlobalSection
EndGlobal
